
Microsoft Visual Studio Solution File, Format Version 12.00
# Visual Studio 2012
Project("{FAE04EC0-301F-11D3-BF4B-00C04F79EFBC}") = "DB_Client", "DB_Client\DB_Client.csproj", "{5F648D96-805F-460B-8BD7-C6B4AFEB4A3A}"
EndProject
Global
	GlobalSection(SolutionConfigurationPlatforms) = preSolution
		Debug|Any CPU = Debug|Any CPU
		Release|Any CPU = Release|Any CPU
	EndGlobalSection
	GlobalSection(ProjectConfigurationPlatforms) = postSolution
		{5F648D96-805F-460B-8BD7-C6B4AFEB4A3A}.Debug|Any CPU.ActiveCfg = Debug|Any CPU
		{5F648D96-805F-460B-8BD7-C6B4AFEB4A3A}.Debug|Any CPU.Build.0 = Debug|Any CPU
		{5F648D96-805F-460B-8BD7-C6B4AFEB4A3A}.Release|Any CPU.ActiveCfg = Release|Any CPU
		{5F648D96-805F-460B-8BD7-C6B4AFEB4A3A}.Release|Any CPU.Build.0 = Release|Any CPU
	EndGlobalSection
	GlobalSection(SolutionProperties) = preSolution
		HideSolutionNode = FALSE
	EndGlobalSection
EndGlobal
